<?xml version="1.0" encoding="utf-8"?>
<Project ToolsVersion="4.0" xmlns="http://schemas.microsoft.com/developer/msbuild/2003">
  <ItemGroup>
    <Filter Include="Form Files">
      <UniqueIdentifier>{99349809-55BA-4b9d-BF79-8FDBB0286EB3}</UniqueIdentifier>
      <Extensions>ui</Extensions>
      <ParseFiles>false</ParseFiles>
    </Filter>
    <Filter Include="Form Files">
      <UniqueIdentifier>{99349809-55BA-4b9d-BF79-8FDBB0286EB3}</UniqueIdentifier>
      <Extensions>ui</Extensions>
      <ParseFiles>false</ParseFiles>
    </Filter>
    <Filter Include="Generated Files">
      <UniqueIdentifier>{71ED8ED8-ACB9-4CE9-BBE1-E00B30144E11}</UniqueIdentifier>
      <Extensions>cpp;c;cxx;moc;h;def;odl;idl;res;</Extensions>
    </Filter>
    <Filter Include="Generated Files">
      <UniqueIdentifier>{71ED8ED8-ACB9-4CE9-BBE1-E00B30144E11}</UniqueIdentifier>
      <Extensions>cpp;c;cxx;moc;h;def;odl;idl;res;</Extensions>
    </Filter>
    <Filter Include="Header Files">
      <UniqueIdentifier>{93995380-89BD-4b04-88EB-625FBE52EBFB}</UniqueIdentifier>
      <Extensions>h;hpp;hxx;hm;inl;inc;xsd</Extensions>
    </Filter>
    <Filter Include="Header Files">
      <UniqueIdentifier>{93995380-89BD-4b04-88EB-625FBE52EBFB}</UniqueIdentifier>
      <Extensions>h;hpp;hxx;hm;inl;inc;xsd</Extensions>
    </Filter>
    <Filter Include="Resource Files">
      <UniqueIdentifier>{D9D6E242-F8AF-46E4-B9FD-80ECBC20BA3E}</UniqueIdentifier>
      <Extensions>qrc;*</Extensions>
      <ParseFiles>false</ParseFiles>
    </Filter>
    <Filter Include="Resource Files">
      <UniqueIdentifier>{D9D6E242-F8AF-46E4-B9FD-80ECBC20BA3E}</UniqueIdentifier>
      <Extensions>qrc;*</Extensions>
      <ParseFiles>false</ParseFiles>
    </Filter>
    <Filter Include="Source Files">
      <UniqueIdentifier>{4FC737F1-C7A5-4376-A066-2A32D752A2FF}</UniqueIdentifier>
      <Extensions>cpp;c;cxx;def;odl;idl;hpj;bat;asm;asmx</Extensions>
    </Filter>
    <Filter Include="Source Files">
      <UniqueIdentifier>{4FC737F1-C7A5-4376-A066-2A32D752A2FF}</UniqueIdentifier>
      <Extensions>cpp;c;cxx;def;odl;idl;hpj;bat;asm;asmx</Extensions>
    </Filter>
    <Filter Include="Generated Files\Debug">
      <UniqueIdentifier>{18d161c8-d23b-4d1a-98d6-a532141a5c41}</UniqueIdentifier>
      <Extensions>cpp;moc</Extensions>
      <SourceControlFiles>False</SourceControlFiles>
    </Filter>
    <Filter Include="Generated Files\Release">
      <UniqueIdentifier>{1bee7ef9-f0f0-4305-b099-4257cab466c5}</UniqueIdentifier>
      <Extensions>cpp;moc</Extensions>
      <SourceControlFiles>False</SourceControlFiles>
    </Filter>
  </ItemGroup>
  <ItemGroup>
    <ClCompile Include="Geometry\AABB.cpp">
      <Filter>Source Files</Filter>
    </ClCompile>
    <ClCompile Include="Action\ActionFeature.cpp">
      <Filter>Source Files</Filter>
    </ClCompile>
    <ClCompile Include="Action\ActionLabeler.cpp">
      <Filter>Source Files</Filter>
    </ClCompile>
    <ClCompile Include="Action\ActionLabelerWidget.cpp">
      <Filter>Source Files</Filter>
    </ClCompile>
    <ClCompile Include="Action\ActionLearner.cpp">
      <Filter>Source Files</Filter>
    </ClCompile>
    <ClCompile Include="Action\ActionViewer.cpp">
      <Filter>Source Files</Filter>
    </ClCompile>
    <ClCompile Include="Action\ActionViewerWidget.cpp">
      <Filter>Source Files</Filter>
    </ClCompile>
    <ClCompile Include="Geometry\BestFit.cpp">
      <Filter>Source Files</Filter>
    </ClCompile>
    <ClCompile Include="Geometry\BoundingBox.cpp">
      <Filter>Source Files</Filter>
    </ClCompile>
    <ClCompile Include="Geometry\CModel.cpp">
      <Filter>Source Files</Filter>
    </ClCompile>
    <ClCompile Include="Kinect\DepthCloud.cpp">
      <Filter>Source Files</Filter>
    </ClCompile>
    <ClCompile Include="Kinect\DepthSensor.cpp">
      <Filter>Source Files</Filter>
    </ClCompile>
    <ClCompile Include="Kinect\FrameRateTracker.cpp">
      <Filter>Source Files</Filter>
    </ClCompile>
    <ClCompile Include="Kinect\MS_OpenCVFrameHelper.cpp">
      <Filter>Source Files</Filter>
    </ClCompile>
    <ClCompile Include="Geometry\OBB.cpp">
      <Filter>Source Files</Filter>
    </ClCompile>
    <ClCompile Include="Geometry\OBBEstimator.cpp">
      <Filter>Source Files</Filter>
    </ClCompile>
    <ClCompile Include="Geometry\OBBOBBIntersect.cpp">
      <Filter>Source Files</Filter>
    </ClCompile>
    <ClCompile Include="Kinect\OpenCVHelper.cpp">
      <Filter>Source Files</Filter>
    </ClCompile>
    <ClCompile Include="Kinect\RgbdViewer.cpp">
      <Filter>Source Files</Filter>
    </ClCompile>
    <ClCompile Include="Kinect\RgbdViewerWidget.cpp">
      <Filter>Source Files</Filter>
    </ClCompile>
    <ClCompile Include="Geometry\Scene.cpp">
      <Filter>Source Files</Filter>
    </ClCompile>
    <ClCompile Include="Geometry\SceneRG.cpp">
      <Filter>Source Files</Filter>
    </ClCompile>
    <ClCompile Include="Geometry\SimplePointCloud.cpp">
      <Filter>Source Files</Filter>
    </ClCompile>
    <ClCompile Include="Geometry\Skeleton.cpp">
      <Filter>Source Files</Filter>
    </ClCompile>
    <ClCompile Include="Geometry\SkeletonSampler.cpp">
      <Filter>Source Files</Filter>
    </ClCompile>
    <ClCompile Include="Geometry\SuppPlane.cpp">
      <Filter>Source Files</Filter>
    </ClCompile>
    <ClCompile Include="Geometry\SuppPlaneBuilder.cpp">
      <Filter>Source Files</Filter>
    </ClCompile>
    <ClCompile Include="Geometry\TriTriIntersect.cpp">
      <Filter>Source Files</Filter>
    </ClCompile>
    <ClCompile Include="Geometry\UDGraph.cpp">
      <Filter>Source Files</Filter>
    </ClCompile>
    <ClCompile Include="Geometry\VoxelOctree.cpp">
      <Filter>Source Files</Filter>
    </ClCompile>
    <ClCompile Include="Geometry\Voxeler.cpp">
      <Filter>Source Files</Filter>
    </ClCompile>
    <ClCompile Include="Math\mathlib.cpp">
      <Filter>Source Files</Filter>
    </ClCompile>
    <ClCompile Include="mess_mode.cpp">
      <Filter>Source Files</Filter>
    </ClCompile>
    <ClCompile Include="mess_widget.cpp">
      <Filter>Source Files</Filter>
    </ClCompile>
    <ClCompile Include="Debug\moc_ActionLabeler.cpp">
      <Filter>Generated Files\Debug</Filter>
    </ClCompile>
    <ClCompile Include="Release\moc_ActionLabeler.cpp">
      <Filter>Generated Files\Release</Filter>
    </ClCompile>
    <ClCompile Include="Debug\moc_ActionLabelerWidget.cpp">
      <Filter>Generated Files\Debug</Filter>
    </ClCompile>
    <ClCompile Include="Release\moc_ActionLabelerWidget.cpp">
      <Filter>Generated Files\Release</Filter>
    </ClCompile>
    <ClCompile Include="Debug\moc_ActionLearner.cpp">
      <Filter>Generated Files\Debug</Filter>
    </ClCompile>
    <ClCompile Include="Release\moc_ActionLearner.cpp">
      <Filter>Generated Files\Release</Filter>
    </ClCompile>
    <ClCompile Include="Debug\moc_ActionViewerWidget.cpp">
      <Filter>Generated Files\Debug</Filter>
    </ClCompile>
    <ClCompile Include="Release\moc_ActionViewerWidget.cpp">
      <Filter>Generated Files\Release</Filter>
    </ClCompile>
    <ClCompile Include="Debug\moc_DepthCloud.cpp">
      <Filter>Generated Files\Debug</Filter>
    </ClCompile>
    <ClCompile Include="Release\moc_DepthCloud.cpp">
      <Filter>Generated Files\Release</Filter>
    </ClCompile>
    <ClCompile Include="Debug\moc_DepthSensor.cpp">
      <Filter>Generated Files\Debug</Filter>
    </ClCompile>
    <ClCompile Include="Release\moc_DepthSensor.cpp">
      <Filter>Generated Files\Release</Filter>
    </ClCompile>
    <ClCompile Include="Debug\moc_RgbdViewer.cpp">
      <Filter>Generated Files\Debug</Filter>
    </ClCompile>
    <ClCompile Include="Release\moc_RgbdViewer.cpp">
      <Filter>Generated Files\Release</Filter>
    </ClCompile>
    <ClCompile Include="Debug\moc_RgbdViewerWidget.cpp">
      <Filter>Generated Files\Debug</Filter>
    </ClCompile>
    <ClCompile Include="Release\moc_RgbdViewerWidget.cpp">
      <Filter>Generated Files\Release</Filter>
    </ClCompile>
    <ClCompile Include="Debug\moc_mess_mode.cpp">
      <Filter>Generated Files\Debug</Filter>
    </ClCompile>
    <ClCompile Include="Release\moc_mess_mode.cpp">
      <Filter>Generated Files\Release</Filter>
    </ClCompile>
    <ClCompile Include="Debug\moc_mess_widget.cpp">
      <Filter>Generated Files\Debug</Filter>
    </ClCompile>
    <ClCompile Include="Release\moc_mess_widget.cpp">
      <Filter>Generated Files\Release</Filter>
    </ClCompile>
    <ClCompile Include="GeneratedFiles\qrc_scene_mess.cpp">
      <Filter>Generated Files</Filter>
    </ClCompile>
  </ItemGroup>
  <ItemGroup>
    <ClInclude Include="Geometry\AABB.h">
      <Filter>Header Files</Filter>
    </ClInclude>
    <ClInclude Include="Action\ActionFeature.h">
      <Filter>Header Files</Filter>
    </ClInclude>
    <CustomBuild Include="Action\ActionLabeler.h">
      <Filter>Header Files</Filter>
    </CustomBuild>
    <CustomBuild Include="Action\ActionLabelerWidget.h">
      <Filter>Header Files</Filter>
    </CustomBuild>
    <CustomBuild Include="Action\ActionLearner.h">
      <Filter>Header Files</Filter>
    </CustomBuild>
    <ClInclude Include="Action\ActionViewer.h">
      <Filter>Header Files</Filter>
    </ClInclude>
    <CustomBuild Include="Action\ActionViewerWidget.h">
      <Filter>Header Files</Filter>
    </CustomBuild>
    <ClInclude Include="Geometry\BestFit.h">
      <Filter>Header Files</Filter>
    </ClInclude>
    <ClInclude Include="Geometry\BoundingBox.h">
      <Filter>Header Files</Filter>
    </ClInclude>
    <ClInclude Include="Geometry\CModel.h">
      <Filter>Header Files</Filter>
    </ClInclude>
    <ClInclude Include="Utilities\CustomDrawObjects.h">
      <Filter>Header Files</Filter>
    </ClInclude>
    <CustomBuild Include="Kinect\DepthCloud.h">
      <Filter>Header Files</Filter>
    </CustomBuild>
    <ClInclude Include="Kinect\DepthCloudTracker.h">
      <Filter>Header Files</Filter>
    </ClInclude>
    <CustomBuild Include="Kinect\DepthSensor.h">
      <Filter>Header Files</Filter>
    </CustomBuild>
    <ClInclude Include="Math\Eigen3x3.h">
      <Filter>Header Files</Filter>
    </ClInclude>
    <ClInclude Include="Kinect\FrameRateTracker.h">
      <Filter>Header Files</Filter>
    </ClInclude>
    <ClInclude Include="Kinect\MS_KinectHelper.h">
      <Filter>Header Files</Filter>
    </ClInclude>
    <ClInclude Include="Kinect\MS_OpenCVFrameHelper.h">
      <Filter>Header Files</Filter>
    </ClInclude>
    <ClInclude Include="Math\MatrixType.h">
      <Filter>Header Files</Filter>
    </ClInclude>
    <ClInclude Include="Geometry\OBB.h">
      <Filter>Header Files</Filter>
    </ClInclude>
    <ClInclude Include="Geometry\OBBEstimator.h">
      <Filter>Header Files</Filter>
    </ClInclude>
    <ClInclude Include="Geometry\OBBOBBIntersect.h">
      <Filter>Header Files</Filter>
    </ClInclude>
    <ClInclude Include="Kinect\OpenCVHelper.h">
      <Filter>Header Files</Filter>
    </ClInclude>
    <ClInclude Include="Geometry\QuickMeshDraw.h">
      <Filter>Header Files</Filter>
    </ClInclude>
    <CustomBuild Include="Kinect\RgbdViewer.h">
      <Filter>Header Files</Filter>
    </CustomBuild>
    <CustomBuild Include="Kinect\RgbdViewerWidget.h">
      <Filter>Header Files</Filter>
    </CustomBuild>
    <ClInclude Include="Geometry\Scene.h">
      <Filter>Header Files</Filter>
    </ClInclude>
    <ClInclude Include="Geometry\SceneRG.h">
      <Filter>Header Files</Filter>
    </ClInclude>
    <ClInclude Include="Geometry\ShapeLib.h">
      <Filter>Header Files</Filter>
    </ClInclude>
    <ClInclude Include="Geometry\SimplePointCloud.h">
      <Filter>Header Files</Filter>
    </ClInclude>
    <ClInclude Include="Geometry\Skeleton.h">
      <Filter>Header Files</Filter>
    </ClInclude>
    <ClInclude Include="Geometry\SkeletonSampler.h">
      <Filter>Header Files</Filter>
    </ClInclude>
    <ClInclude Include="Geometry\SuppPlane.h">
      <Filter>Header Files</Filter>
    </ClInclude>
    <ClInclude Include="Geometry\SuppPlaneBuilder.h">
      <Filter>Header Files</Filter>
    </ClInclude>
    <ClInclude Include="Geometry\TriTriIntersect.h">
      <Filter>Header Files</Filter>
    </ClInclude>
    <ClInclude Include="Geometry\UDGraph.h">
      <Filter>Header Files</Filter>
    </ClInclude>
    <ClInclude Include="Geometry\Voxel.h">
      <Filter>Header Files</Filter>
    </ClInclude>
    <ClInclude Include="Geometry\VoxelOctree.h">
      <Filter>Header Files</Filter>
    </ClInclude>
    <ClInclude Include="Geometry\Voxeler.h">
      <Filter>Header Files</Filter>
    </ClInclude>
    <ClInclude Include="Geometry\font.inl">
      <Filter>Header Files</Filter>
    </ClInclude>
    <ClInclude Include="Kinect\kinect_grabber.h">
      <Filter>Header Files</Filter>
    </ClInclude>
    <ClInclude Include="Math\mathlib.h">
      <Filter>Header Files</Filter>
    </ClInclude>
    <CustomBuild Include="mess_mode.h">
      <Filter>Header Files</Filter>
    </CustomBuild>
    <CustomBuild Include="mess_widget.h">
      <Filter>Header Files</Filter>
    </CustomBuild>
    <ClInclude Include="Utilities\utility.h">
      <Filter>Header Files</Filter>
    </ClInclude>
    <ClInclude Include="Geometry\voxel_wed.h">
      <Filter>Header Files</Filter>
    </ClInclude>
    <ClInclude Include="GeneratedFiles\ui_ActionLabelerWidget.h">
      <Filter>Generated Files</Filter>
    </ClInclude>
    <ClInclude Include="GeneratedFiles\ui_ActionViewerWidget.h">
      <Filter>Generated Files</Filter>
    </ClInclude>
    <ClInclude Include="GeneratedFiles\ui_RgbdViewerWidget.h">
      <Filter>Generated Files</Filter>
    </ClInclude>
    <ClInclude Include="GeneratedFiles\ui_mess_widget.h">
      <Filter>Generated Files</Filter>
    </ClInclude>
  </ItemGroup>
  <ItemGroup>
    <CustomBuild Include="Action\ActionLabelerWidget.ui">
      <Filter>Form Files</Filter>
    </CustomBuild>
    <CustomBuild Include="Action\ActionViewerWidget.ui">
      <Filter>Form Files</Filter>
    </CustomBuild>
    <CustomBuild Include="Kinect\RgbdViewerWidget.ui">
      <Filter>Form Files</Filter>
    </CustomBuild>
    <CustomBuild Include="mess_widget.ui">
      <Filter>Form Files</Filter>
    </CustomBuild>
  </ItemGroup>
  <ItemGroup>
    <None Include="icon\font.png">
      <Filter>Resource Files</Filter>
    </None>
    <None Include="icon\mess_mode.png">
      <Filter>Resource Files</Filter>
    </None>
    <CustomBuild Include="scene_mess.qrc">
      <Filter>Resource Files</Filter>
    </CustomBuild>
  </ItemGroup>
</Project>